
Microsoft Visual Studio Solution File, Format Version 11.00
# Visual C# Express 2010
Project("{FAE04EC0-301F-11D3-BF4B-00C04F79EFBC}") = "Excel.NAnt.Tasks", "Excel.NAnt.Tasks\Excel.NAnt.Tasks.csproj", "{2F88E3B3-0EBB-4780-B6AE-B4C5200C8DAB}"
EndProject
Global
	GlobalSection(SolutionConfigurationPlatforms) = preSolution
		Debug|Any CPU = Debug|Any CPU
		Release|Any CPU = Release|Any CPU
	EndGlobalSection
	GlobalSection(ProjectConfigurationPlatforms) = postSolution
		{2F88E3B3-0EBB-4780-B6AE-B4C5200C8DAB}.Debug|Any CPU.ActiveCfg = Debug|Any CPU
		{2F88E3B3-0EBB-4780-B6AE-B4C5200C8DAB}.Debug|Any CPU.Build.0 = Debug|Any CPU
		{2F88E3B3-0EBB-4780-B6AE-B4C5200C8DAB}.Release|Any CPU.ActiveCfg = Release|Any CPU
		{2F88E3B3-0EBB-4780-B6AE-B4C5200C8DAB}.Release|Any CPU.Build.0 = Release|Any CPU
	EndGlobalSection
	GlobalSection(SolutionProperties) = preSolution
		HideSolutionNode = FALSE
	EndGlobalSection
EndGlobal
